
Microsoft Visual Studio Solution File, Format Version 12.00
# Visual Studio Express 2012 for Web
Project("{E24C65DC-7377-472B-9ABA-BC803B73C61A}") = "Entrega 2", "http://localhost:64215", "{C304203F-CB28-4785-ACA2-8B2C45E7E58E}"
	ProjectSection(WebsiteProperties) = preProject
		UseIISExpress = "true"
		TargetFrameworkMoniker = ".NETFramework,Version%3Dv4.5"
		Debug.AspNetCompiler.VirtualPath = "/localhost_64215"
		Debug.AspNetCompiler.PhysicalPath = "..\Entrega 2\"
		Debug.AspNetCompiler.TargetPath = "PrecompiledWeb\localhost_64215\"
		Debug.AspNetCompiler.Updateable = "true"
		Debug.AspNetCompiler.ForceOverwrite = "true"
		Debug.AspNetCompiler.FixedNames = "false"
		Debug.AspNetCompiler.Debug = "True"
		Release.AspNetCompiler.VirtualPath = "/localhost_64215"
		Release.AspNetCompiler.PhysicalPath = "..\Entrega 2\"
		Release.AspNetCompiler.TargetPath = "PrecompiledWeb\localhost_64215\"
		Release.AspNetCompiler.Updateable = "true"
		Release.AspNetCompiler.ForceOverwrite = "true"
		Release.AspNetCompiler.FixedNames = "false"
		Release.AspNetCompiler.Debug = "False"
		SlnRelativePath = "..\Entrega 2\"
		DefaultWebSiteLanguage = "Visual C#"
	EndProjectSection
EndProject
Global
	GlobalSection(SolutionConfigurationPlatforms) = preSolution
		Debug|Any CPU = Debug|Any CPU
	EndGlobalSection
	GlobalSection(ProjectConfigurationPlatforms) = postSolution
		{C304203F-CB28-4785-ACA2-8B2C45E7E58E}.Debug|Any CPU.ActiveCfg = Debug|Any CPU
		{C304203F-CB28-4785-ACA2-8B2C45E7E58E}.Debug|Any CPU.Build.0 = Debug|Any CPU
	EndGlobalSection
	GlobalSection(SolutionProperties) = preSolution
		HideSolutionNode = FALSE
	EndGlobalSection
EndGlobal
